// !$*UTF8*$!
{
	archiveVersion = 1;
	classes = {
	};
	objectVersion = 46;
	objects = {

/* Begin PBXBuildFile section */
		343803F21D3FE8E6008569BA /* EGGWalletTests.m in Sources */ = {isa = PBXBuildFile; fileRef = 343803F11D3FE8E6008569BA /* EGGWalletTests.m */; };
		343803F51D3FEFB4008569BA /* EGGWallet.m in Sources */ = {isa = PBXBuildFile; fileRef = 343803F41D3FEFB4008569BA /* EGGWallet.m */; };
		343803F61D3FF190008569BA /* EGGWallet.m in Sources */ = {isa = PBXBuildFile; fileRef = 343803F41D3FEFB4008569BA /* EGGWallet.m */; };
		34438B971D401A0700E634AD /* EGGSimpleViewController.m in Sources */ = {isa = PBXBuildFile; fileRef = 34438B951D401A0700E634AD /* EGGSimpleViewController.m */; };
		34438B981D401A0700E634AD /* EGGSimpleViewController.m in Sources */ = {isa = PBXBuildFile; fileRef = 34438B951D401A0700E634AD /* EGGSimpleViewController.m */; };
		34438B991D401A0700E634AD /* EGGSimpleViewController.xib in Resources */ = {isa = PBXBuildFile; fileRef = 34438B961D401A0700E634AD /* EGGSimpleViewController.xib */; };
		34438B9A1D401A0700E634AD /* EGGSimpleViewController.xib in Resources */ = {isa = PBXBuildFile; fileRef = 34438B961D401A0700E634AD /* EGGSimpleViewController.xib */; };
		34438B9D1D401A4600E634AD /* EGGControllerTests.m in Sources */ = {isa = PBXBuildFile; fileRef = 34438B9C1D401A4600E634AD /* EGGControllerTests.m */; };
		34438BA01D40202D00E634AD /* EGGWalletTableViewController.m in Sources */ = {isa = PBXBuildFile; fileRef = 34438B9F1D40202D00E634AD /* EGGWalletTableViewController.m */; };
		34438BA11D40202D00E634AD /* EGGWalletTableViewController.m in Sources */ = {isa = PBXBuildFile; fileRef = 34438B9F1D40202D00E634AD /* EGGWalletTableViewController.m */; };
		346620B41D3AA54600905197 /* EGGMoney.m in Sources */ = {isa = PBXBuildFile; fileRef = 346620B31D3AA54600905197 /* EGGMoney.m */; };
		346620B71D3AA88F00905197 /* NSObject+GNUStepAddons.m in Sources */ = {isa = PBXBuildFile; fileRef = 346620B61D3AA88F00905197 /* NSObject+GNUStepAddons.m */; };
		346620BA1D3AAB5100905197 /* EGGMoneyTests.m in Sources */ = {isa = PBXBuildFile; fileRef = 346620B91D3AAB5100905197 /* EGGMoneyTests.m */; };
		346620BB1D3AABE900905197 /* EGGMoney.m in Sources */ = {isa = PBXBuildFile; fileRef = 346620B31D3AA54600905197 /* EGGMoney.m */; };
		34B78CD51D3E84BE00EE0807 /* EGGBrokerTest.m in Sources */ = {isa = PBXBuildFile; fileRef = 34B78CD41D3E84BE00EE0807 /* EGGBrokerTest.m */; };
		34B78CD81D3E862300EE0807 /* EGGBroker.m in Sources */ = {isa = PBXBuildFile; fileRef = 34B78CD71D3E862300EE0807 /* EGGBroker.m */; };
		34B78CD91D3E862300EE0807 /* EGGBroker.m in Sources */ = {isa = PBXBuildFile; fileRef = 34B78CD71D3E862300EE0807 /* EGGBroker.m */; };
		34C47CAD1D397F5D0070586F /* main.m in Sources */ = {isa = PBXBuildFile; fileRef = 34C47CAC1D397F5D0070586F /* main.m */; };
		34C47CB01D397F5D0070586F /* AppDelegate.m in Sources */ = {isa = PBXBuildFile; fileRef = 34C47CAF1D397F5D0070586F /* AppDelegate.m */; };
		34C47CB21D397F5D0070586F /* Assets.xcassets in Resources */ = {isa = PBXBuildFile; fileRef = 34C47CB11D397F5D0070586F /* Assets.xcassets */; };
		34C47CB51D397F5D0070586F /* LaunchScreen.storyboard in Resources */ = {isa = PBXBuildFile; fileRef = 34C47CB31D397F5D0070586F /* LaunchScreen.storyboard */; };
/* End PBXBuildFile section */

/* Begin PBXContainerItemProxy section */
		34C47CBC1D397F5D0070586F /* PBXContainerItemProxy */ = {
			isa = PBXContainerItemProxy;
			containerPortal = 34C47CA01D397F5D0070586F /* Project object */;
			proxyType = 1;
			remoteGlobalIDString = 34C47CA71D397F5D0070586F;
			remoteInfo = Wallet;
		};
		34C47CC71D397F5D0070586F /* PBXContainerItemProxy */ = {
			isa = PBXContainerItemProxy;
			containerPortal = 34C47CA01D397F5D0070586F /* Project object */;
			proxyType = 1;
			remoteGlobalIDString = 34C47CA71D397F5D0070586F;
			remoteInfo = Wallet;
		};
/* End PBXContainerItemProxy section */

/* Begin PBXFileReference section */
		343803F11D3FE8E6008569BA /* EGGWalletTests.m */ = {isa = PBXFileReference; fileEncoding = 4; lastKnownFileType = sourcecode.c.objc; path = EGGWalletTests.m; sourceTree = "<group>"; };
		343803F31D3FEFB4008569BA /* EGGWallet.h */ = {isa = PBXFileReference; fileEncoding = 4; lastKnownFileType = sourcecode.c.h; path = EGGWallet.h; sourceTree = "<group>"; };
		343803F41D3FEFB4008569BA /* EGGWallet.m */ = {isa = PBXFileReference; fileEncoding = 4; lastKnownFileType = sourcecode.c.objc; path = EGGWallet.m; sourceTree = "<group>"; };
		34438B941D401A0700E634AD /* EGGSimpleViewController.h */ = {isa = PBXFileReference; fileEncoding = 4; lastKnownFileType = sourcecode.c.h; path = EGGSimpleViewController.h; sourceTree = "<group>"; };
		34438B951D401A0700E634AD /* EGGSimpleViewController.m */ = {isa = PBXFileReference; fileEncoding = 4; lastKnownFileType = sourcecode.c.objc; path = EGGSimpleViewController.m; sourceTree = "<group>"; };
		34438B961D401A0700E634AD /* EGGSimpleViewController.xib */ = {isa = PBXFileReference; fileEncoding = 4; lastKnownFileType = file.xib; path = EGGSimpleViewController.xib; sourceTree = "<group>"; };
		34438B9C1D401A4600E634AD /* EGGControllerTests.m */ = {isa = PBXFileReference; fileEncoding = 4; lastKnownFileType = sourcecode.c.objc; path = EGGControllerTests.m; sourceTree = "<group>"; };
		34438B9E1D40202D00E634AD /* EGGWalletTableViewController.h */ = {isa = PBXFileReference; fileEncoding = 4; lastKnownFileType = sourcecode.c.h; path = EGGWalletTableViewController.h; sourceTree = "<group>"; };
		34438B9F1D40202D00E634AD /* EGGWalletTableViewController.m */ = {isa = PBXFileReference; fileEncoding = 4; lastKnownFileType = sourcecode.c.objc; path = EGGWalletTableViewController.m; sourceTree = "<group>"; };
		346620B21D3AA54600905197 /* EGGMoney.h */ = {isa = PBXFileReference; fileEncoding = 4; lastKnownFileType = sourcecode.c.h; path = EGGMoney.h; sourceTree = "<group>"; };
		346620B31D3AA54600905197 /* EGGMoney.m */ = {isa = PBXFileReference; fileEncoding = 4; lastKnownFileType = sourcecode.c.objc; path = EGGMoney.m; sourceTree = "<group>"; };
		346620B51D3AA88F00905197 /* NSObject+GNUStepAddons.h */ = {isa = PBXFileReference; fileEncoding = 4; lastKnownFileType = sourcecode.c.h; path = "NSObject+GNUStepAddons.h"; sourceTree = "<group>"; };
		346620B61D3AA88F00905197 /* NSObject+GNUStepAddons.m */ = {isa = PBXFileReference; fileEncoding = 4; lastKnownFileType = sourcecode.c.objc; path = "NSObject+GNUStepAddons.m"; sourceTree = "<group>"; };
		346620B91D3AAB5100905197 /* EGGMoneyTests.m */ = {isa = PBXFileReference; fileEncoding = 4; lastKnownFileType = sourcecode.c.objc; path = EGGMoneyTests.m; sourceTree = "<group>"; };
		34B78CD41D3E84BE00EE0807 /* EGGBrokerTest.m */ = {isa = PBXFileReference; fileEncoding = 4; lastKnownFileType = sourcecode.c.objc; path = EGGBrokerTest.m; sourceTree = "<group>"; };
		34B78CD61D3E862300EE0807 /* EGGBroker.h */ = {isa = PBXFileReference; fileEncoding = 4; lastKnownFileType = sourcecode.c.h; path = EGGBroker.h; sourceTree = "<group>"; };
		34B78CD71D3E862300EE0807 /* EGGBroker.m */ = {isa = PBXFileReference; fileEncoding = 4; lastKnownFileType = sourcecode.c.objc; path = EGGBroker.m; sourceTree = "<group>"; };
		34C47CA81D397F5D0070586F /* Wallet.app */ = {isa = PBXFileReference; explicitFileType = wrapper.application; includeInIndex = 0; path = Wallet.app; sourceTree = BUILT_PRODUCTS_DIR; };
		34C47CAC1D397F5D0070586F /* main.m */ = {isa = PBXFileReference; lastKnownFileType = sourcecode.c.objc; path = main.m; sourceTree = "<group>"; };
		34C47CAE1D397F5D0070586F /* AppDelegate.h */ = {isa = PBXFileReference; lastKnownFileType = sourcecode.c.h; path = AppDelegate.h; sourceTree = "<group>"; };
		34C47CAF1D397F5D0070586F /* AppDelegate.m */ = {isa = PBXFileReference; lastKnownFileType = sourcecode.c.objc; path = AppDelegate.m; sourceTree = "<group>"; };
		34C47CB11D397F5D0070586F /* Assets.xcassets */ = {isa = PBXFileReference; lastKnownFileType = folder.assetcatalog; path = Assets.xcassets; sourceTree = "<group>"; };
		34C47CB41D397F5D0070586F /* Base */ = {isa = PBXFileReference; lastKnownFileType = file.storyboard; name = Base; path = Base.lproj/LaunchScreen.storyboard; sourceTree = "<group>"; };
		34C47CB61D397F5D0070586F /* Info.plist */ = {isa = PBXFileReference; lastKnownFileType = text.plist.xml; path = Info.plist; sourceTree = "<group>"; };
		34C47CBB1D397F5D0070586F /* WalletTests.xctest */ = {isa = PBXFileReference; explicitFileType = wrapper.cfbundle; includeInIndex = 0; path = WalletTests.xctest; sourceTree = BUILT_PRODUCTS_DIR; };
		34C47CC11D397F5D0070586F /* Info.plist */ = {isa = PBXFileReference; lastKnownFileType = text.plist.xml; path = Info.plist; sourceTree = "<group>"; };
		34C47CC61D397F5D0070586F /* WalletUITests.xctest */ = {isa = PBXFileReference; explicitFileType = wrapper.cfbundle; includeInIndex = 0; path = WalletUITests.xctest; sourceTree = BUILT_PRODUCTS_DIR; };
/* End PBXFileReference section */

/* Begin PBXFrameworksBuildPhase section */
		34C47CA51D397F5D0070586F /* Frameworks */ = {
			isa = PBXFrameworksBuildPhase;
			buildActionMask = 2147483647;
			files = (
			);
			runOnlyForDeploymentPostprocessing = 0;
		};
		34C47CB81D397F5D0070586F /* Frameworks */ = {
			isa = PBXFrameworksBuildPhase;
			buildActionMask = 2147483647;
			files = (
			);
			runOnlyForDeploymentPostprocessing = 0;
		};
		34C47CC31D397F5D0070586F /* Frameworks */ = {
			isa = PBXFrameworksBuildPhase;
			buildActionMask = 2147483647;
			files = (
			);
			runOnlyForDeploymentPostprocessing = 0;
		};
/* End PBXFrameworksBuildPhase section */

/* Begin PBXGroup section */
		34438B931D4019C100E634AD /* Controllers */ = {
			isa = PBXGroup;
			children = (
				34438B941D401A0700E634AD /* EGGSimpleViewController.h */,
				34438B951D401A0700E634AD /* EGGSimpleViewController.m */,
				34438B961D401A0700E634AD /* EGGSimpleViewController.xib */,
				34438B9E1D40202D00E634AD /* EGGWalletTableViewController.h */,
				34438B9F1D40202D00E634AD /* EGGWalletTableViewController.m */,
			);
			name = Controllers;
			sourceTree = "<group>";
		};
		34438B9B1D401A1800E634AD /* Controllers */ = {
			isa = PBXGroup;
			children = (
				34438B9C1D401A4600E634AD /* EGGControllerTests.m */,
			);
			name = Controllers;
			sourceTree = "<group>";
		};
		346620B81D3AA89600905197 /* Categories */ = {
			isa = PBXGroup;
			children = (
				346620B51D3AA88F00905197 /* NSObject+GNUStepAddons.h */,
				346620B61D3AA88F00905197 /* NSObject+GNUStepAddons.m */,
			);
			name = Categories;
			sourceTree = "<group>";
		};
		34C47C9F1D397F5D0070586F = {
			isa = PBXGroup;
			children = (
				34C47CAA1D397F5D0070586F /* Wallet */,
				34C47CBE1D397F5D0070586F /* WalletTests */,
				34C47CA91D397F5D0070586F /* Products */,
			);
			sourceTree = "<group>";
		};
		34C47CA91D397F5D0070586F /* Products */ = {
			isa = PBXGroup;
			children = (
				34C47CA81D397F5D0070586F /* Wallet.app */,
				34C47CBB1D397F5D0070586F /* WalletTests.xctest */,
				34C47CC61D397F5D0070586F /* WalletUITests.xctest */,
			);
			name = Products;
			sourceTree = "<group>";
		};
		34C47CAA1D397F5D0070586F /* Wallet */ = {
			isa = PBXGroup;
			children = (
				34438B931D4019C100E634AD /* Controllers */,
				346620B81D3AA89600905197 /* Categories */,
				34C47CDB1D3980F20070586F /* Models */,
				34C47CAE1D397F5D0070586F /* AppDelegate.h */,
				34C47CAF1D397F5D0070586F /* AppDelegate.m */,
				34C47CB11D397F5D0070586F /* Assets.xcassets */,
				34C47CB31D397F5D0070586F /* LaunchScreen.storyboard */,
				34C47CB61D397F5D0070586F /* Info.plist */,
				34C47CAB1D397F5D0070586F /* Supporting Files */,
			);
			path = Wallet;
			sourceTree = "<group>";
		};
		34C47CAB1D397F5D0070586F /* Supporting Files */ = {
			isa = PBXGroup;
			children = (
				34C47CAC1D397F5D0070586F /* main.m */,
			);
			name = "Supporting Files";
			sourceTree = "<group>";
		};
		34C47CBE1D397F5D0070586F /* WalletTests */ = {
			isa = PBXGroup;
			children = (
				34438B9B1D401A1800E634AD /* Controllers */,
				34C47CD81D397F8C0070586F /* Models */,
				34C47CC11D397F5D0070586F /* Info.plist */,
			);
			path = WalletTests;
			sourceTree = "<group>";
		};
		34C47CD81D397F8C0070586F /* Models */ = {
			isa = PBXGroup;
			children = (
				346620B91D3AAB5100905197 /* EGGMoneyTests.m */,
				34B78CD41D3E84BE00EE0807 /* EGGBrokerTest.m */,
				343803F11D3FE8E6008569BA /* EGGWalletTests.m */,
			);
			name = Models;
			sourceTree = "<group>";
		};
		34C47CDB1D3980F20070586F /* Models */ = {
			isa = PBXGroup;
			children = (
				346620B21D3AA54600905197 /* EGGMoney.h */,
				346620B31D3AA54600905197 /* EGGMoney.m */,
				34B78CD61D3E862300EE0807 /* EGGBroker.h */,
				34B78CD71D3E862300EE0807 /* EGGBroker.m */,
				343803F31D3FEFB4008569BA /* EGGWallet.h */,
				343803F41D3FEFB4008569BA /* EGGWallet.m */,
			);
			name = Models;
			sourceTree = "<group>";
		};
/* End PBXGroup section */

/* Begin PBXNativeTarget section */
		34C47CA71D397F5D0070586F /* Wallet */ = {
			isa = PBXNativeTarget;
			buildConfigurationList = 34C47CCF1D397F5D0070586F /* Build configuration list for PBXNativeTarget "Wallet" */;
			buildPhases = (
				34C47CA41D397F5D0070586F /* Sources */,
				34C47CA51D397F5D0070586F /* Frameworks */,
				34C47CA61D397F5D0070586F /* Resources */,
			);
			buildRules = (
			);
			dependencies = (
			);
			name = Wallet;
			productName = Wallet;
			productReference = 34C47CA81D397F5D0070586F /* Wallet.app */;
			productType = "com.apple.product-type.application";
		};
		34C47CBA1D397F5D0070586F /* WalletTests */ = {
			isa = PBXNativeTarget;
			buildConfigurationList = 34C47CD21D397F5D0070586F /* Build configuration list for PBXNativeTarget "WalletTests" */;
			buildPhases = (
				34C47CB71D397F5D0070586F /* Sources */,
				34C47CB81D397F5D0070586F /* Frameworks */,
				34C47CB91D397F5D0070586F /* Resources */,
			);
			buildRules = (
			);
			dependencies = (
				34C47CBD1D397F5D0070586F /* PBXTargetDependency */,
			);
			name = WalletTests;
			productName = WalletTests;
			productReference = 34C47CBB1D397F5D0070586F /* WalletTests.xctest */;
			productType = "com.apple.product-type.bundle.unit-test";
		};
		34C47CC51D397F5D0070586F /* WalletUITests */ = {
			isa = PBXNativeTarget;
			buildConfigurationList = 34C47CD51D397F5D0070586F /* Build configuration list for PBXNativeTarget "WalletUITests" */;
			buildPhases = (
				34C47CC21D397F5D0070586F /* Sources */,
				34C47CC31D397F5D0070586F /* Frameworks */,
				34C47CC41D397F5D0070586F /* Resources */,
			);
			buildRules = (
			);
			dependencies = (
				34C47CC81D397F5D0070586F /* PBXTargetDependency */,
			);
			name = WalletUITests;
			productName = WalletUITests;
			productReference = 34C47CC61D397F5D0070586F /* WalletUITests.xctest */;
			productType = "com.apple.product-type.bundle.ui-testing";
		};
/* End PBXNativeTarget section */

/* Begin PBXProject section */
		34C47CA01D397F5D0070586F /* Project object */ = {
			isa = PBXProject;
			attributes = {
				LastUpgradeCheck = 0730;
				ORGANIZATIONNAME = "Edu González";
				TargetAttributes = {
					34C47CA71D397F5D0070586F = {
						CreatedOnToolsVersion = 7.3.1;
					};
					34C47CBA1D397F5D0070586F = {
						CreatedOnToolsVersion = 7.3.1;
						TestTargetID = 34C47CA71D397F5D0070586F;
					};
					34C47CC51D397F5D0070586F = {
						CreatedOnToolsVersion = 7.3.1;
					};
				};
			};
			buildConfigurationList = 34C47CA31D397F5D0070586F /* Build configuration list for PBXProject "Wallet" */;
			compatibilityVersion = "Xcode 3.2";
			developmentRegion = English;
			hasScannedForEncodings = 0;
			knownRegions = (
				en,
				Base,
			);
			mainGroup = 34C47C9F1D397F5D0070586F;
			productRefGroup = 34C47CA91D397F5D0070586F /* Products */;
			projectDirPath = "";
			projectRoot = "";
			targets = (
				34C47CA71D397F5D0070586F /* Wallet */,
				34C47CBA1D397F5D0070586F /* WalletTests */,
				34C47CC51D397F5D0070586F /* WalletUITests */,
			);
		};
/* End PBXProject section */

/* Begin PBXResourcesBuildPhase section */
		34C47CA61D397F5D0070586F /* Resources */ = {
			isa = PBXResourcesBuildPhase;
			buildActionMask = 2147483647;
			files = (
				34C47CB21D397F5D0070586F /* Assets.xcassets in Resources */,
				34C47CB51D397F5D0070586F /* LaunchScreen.storyboard in Resources */,
				34438B991D401A0700E634AD /* EGGSimpleViewController.xib in Resources */,
			);
			runOnlyForDeploymentPostprocessing = 0;
		};
		34C47CB91D397F5D0070586F /* Resources */ = {
			isa = PBXResourcesBuildPhase;
			buildActionMask = 2147483647;
			files = (
				34438B9A1D401A0700E634AD /* EGGSimpleViewController.xib in Resources */,
			);
			runOnlyForDeploymentPostprocessing = 0;
		};
		34C47CC41D397F5D0070586F /* Resources */ = {
			isa = PBXResourcesBuildPhase;
			buildActionMask = 2147483647;
			files = (
			);
			runOnlyForDeploymentPostprocessing = 0;
		};
/* End PBXResourcesBuildPhase section */

/* Begin PBXSourcesBuildPhase section */
		34C47CA41D397F5D0070586F /* Sources */ = {
			isa = PBXSourcesBuildPhase;
			buildActionMask = 2147483647;
			files = (
				34C47CB01D397F5D0070586F /* AppDelegate.m in Sources */,
				34C47CAD1D397F5D0070586F /* main.m in Sources */,
				34B78CD81D3E862300EE0807 /* EGGBroker.m in Sources */,
				34438B971D401A0700E634AD /* EGGSimpleViewController.m in Sources */,
				34438BA01D40202D00E634AD /* EGGWalletTableViewController.m in Sources */,
				346620B71D3AA88F00905197 /* NSObject+GNUStepAddons.m in Sources */,
				343803F51D3FEFB4008569BA /* EGGWallet.m in Sources */,
				346620B41D3AA54600905197 /* EGGMoney.m in Sources */,
			);
			runOnlyForDeploymentPostprocessing = 0;
		};
		34C47CB71D397F5D0070586F /* Sources */ = {
			isa = PBXSourcesBuildPhase;
			buildActionMask = 2147483647;
			files = (
				34B78CD51D3E84BE00EE0807 /* EGGBrokerTest.m in Sources */,
				34438B9D1D401A4600E634AD /* EGGControllerTests.m in Sources */,
				34438BA11D40202D00E634AD /* EGGWalletTableViewController.m in Sources */,
				346620BB1D3AABE900905197 /* EGGMoney.m in Sources */,
				34B78CD91D3E862300EE0807 /* EGGBroker.m in Sources */,
				34438B981D401A0700E634AD /* EGGSimpleViewController.m in Sources */,
				343803F21D3FE8E6008569BA /* EGGWalletTests.m in Sources */,
				343803F61D3FF190008569BA /* EGGWallet.m in Sources */,
				346620BA1D3AAB5100905197 /* EGGMoneyTests.m in Sources */,
			);
			runOnlyForDeploymentPostprocessing = 0;
		};
		34C47CC21D397F5D0070586F /* Sources */ = {
			isa = PBXSourcesBuildPhase;
			buildActionMask = 2147483647;
			files = (
			);
			runOnlyForDeploymentPostprocessing = 0;
		};
/* End PBXSourcesBuildPhase section */

/* Begin PBXTargetDependency section */
		34C47CBD1D397F5D0070586F /* PBXTargetDependency */ = {
			isa = PBXTargetDependency;
			target = 34C47CA71D397F5D0070586F /* Wallet */;
			targetProxy = 34C47CBC1D397F5D0070586F /* PBXContainerItemProxy */;
		};
		34C47CC81D397F5D0070586F /* PBXTargetDependency */ = {
			isa = PBXTargetDependency;
			target = 34C47CA71D397F5D0070586F /* Wallet */;
			targetProxy = 34C47CC71D397F5D0070586F /* PBXContainerItemProxy */;
		};
/* End PBXTargetDependency section */

/* Begin PBXVariantGroup section */
		34C47CB31D397F5D0070586F /* LaunchScreen.storyboard */ = {
			isa = PBXVariantGroup;
			children = (
				34C47CB41D397F5D0070586F /* Base */,
			);
			name = LaunchScreen.storyboard;
			sourceTree = "<group>";
		};
/* End PBXVariantGroup section */

/* Begin XCBuildConfiguration section */
		34C47CCD1D397F5D0070586F /* Debug */ = {
			isa = XCBuildConfiguration;
			buildSettings = {
				ALWAYS_SEARCH_USER_PATHS = NO;
				CLANG_ANALYZER_NONNULL = YES;
				CLANG_CXX_LANGUAGE_STANDARD = "gnu++0x";
				CLANG_CXX_LIBRARY = "libc++";
				CLANG_ENABLE_MODULES = YES;
				CLANG_ENABLE_OBJC_ARC = YES;
				CLANG_WARN_BOOL_CONVERSION = YES;
				CLANG_WARN_CONSTANT_CONVERSION = YES;
				CLANG_WARN_DIRECT_OBJC_ISA_USAGE = YES_ERROR;
				CLANG_WARN_EMPTY_BODY = YES;
				CLANG_WARN_ENUM_CONVERSION = YES;
				CLANG_WARN_INT_CONVERSION = YES;
				CLANG_WARN_OBJC_ROOT_CLASS = YES_ERROR;
				CLANG_WARN_UNREACHABLE_CODE = YES;
				CLANG_WARN__DUPLICATE_METHOD_MATCH = YES;
				"CODE_SIGN_IDENTITY[sdk=iphoneos*]" = "iPhone Developer";
				COPY_PHASE_STRIP = NO;
				DEBUG_INFORMATION_FORMAT = dwarf;
				ENABLE_STRICT_OBJC_MSGSEND = YES;
				ENABLE_TESTABILITY = YES;
				GCC_C_LANGUAGE_STANDARD = gnu99;
				GCC_DYNAMIC_NO_PIC = NO;
				GCC_NO_COMMON_BLOCKS = YES;
				GCC_OPTIMIZATION_LEVEL = 0;
				GCC_PREPROCESSOR_DEFINITIONS = (
					"DEBUG=1",
					"$(inherited)",
				);
				GCC_WARN_64_TO_32_BIT_CONVERSION = YES;
				GCC_WARN_ABOUT_RETURN_TYPE = YES_ERROR;
				GCC_WARN_UNDECLARED_SELECTOR = YES;
				GCC_WARN_UNINITIALIZED_AUTOS = YES_AGGRESSIVE;
				GCC_WARN_UNUSED_FUNCTION = YES;
				GCC_WARN_UNUSED_VARIABLE = YES;
				IPHONEOS_DEPLOYMENT_TARGET = 9.3;
				MTL_ENABLE_DEBUG_INFO = YES;
				ONLY_ACTIVE_ARCH = YES;
				SDKROOT = iphoneos;
			};
			name = Debug;
		};
		34C47CCE1D397F5D0070586F /* Release */ = {
			isa = XCBuildConfiguration;
			buildSettings = {
				ALWAYS_SEARCH_USER_PATHS = NO;
				CLANG_ANALYZER_NONNULL = YES;
				CLANG_CXX_LANGUAGE_STANDARD = "gnu++0x";
				CLANG_CXX_LIBRARY = "libc++";
				CLANG_ENABLE_MODULES = YES;
				CLANG_ENABLE_OBJC_ARC = YES;
				CLANG_WARN_BOOL_CONVERSION = YES;
				CLANG_WARN_CONSTANT_CONVERSION = YES;
				CLANG_WARN_DIRECT_OBJC_ISA_USAGE = YES_ERROR;
				CLANG_WARN_EMPTY_BODY = YES;
				CLANG_WARN_ENUM_CONVERSION = YES;
				CLANG_WARN_INT_CONVERSION = YES;
				CLANG_WARN_OBJC_ROOT_CLASS = YES_ERROR;
				CLANG_WARN_UNREACHABLE_CODE = YES;
				CLANG_WARN__DUPLICATE_METHOD_MATCH = YES;
				"CODE_SIGN_IDENTITY[sdk=iphoneos*]" = "iPhone Developer";
				COPY_PHASE_STRIP = NO;
				DEBUG_INFORMATION_FORMAT = "dwarf-with-dsym";
				ENABLE_NS_ASSERTIONS = NO;
				ENABLE_STRICT_OBJC_MSGSEND = YES;
				GCC_C_LANGUAGE_STANDARD = gnu99;
				GCC_NO_COMMON_BLOCKS = YES;
				GCC_WARN_64_TO_32_BIT_CONVERSION = YES;
				GCC_WARN_ABOUT_RETURN_TYPE = YES_ERROR;
				GCC_WARN_UNDECLARED_SELECTOR = YES;
				GCC_WARN_UNINITIALIZED_AUTOS = YES_AGGRESSIVE;
				GCC_WARN_UNUSED_FUNCTION = YES;
				GCC_WARN_UNUSED_VARIABLE = YES;
				IPHONEOS_DEPLOYMENT_TARGET = 9.3;
				MTL_ENABLE_DEBUG_INFO = NO;
				SDKROOT = iphoneos;
				VALIDATE_PRODUCT = YES;
			};
			name = Release;
		};
		34C47CD01D397F5D0070586F /* Debug */ = {
			isa = XCBuildConfiguration;
			buildSettings = {
				ASSETCATALOG_COMPILER_APPICON_NAME = AppIcon;
				INFOPLIST_FILE = Wallet/Info.plist;
				LD_RUNPATH_SEARCH_PATHS = "$(inherited) @executable_path/Frameworks";
				PRODUCT_BUNDLE_IDENTIFIER = com.edugonzlz.Wallet;
				PRODUCT_NAME = "$(TARGET_NAME)";
			};
			name = Debug;
		};
		34C47CD11D397F5D0070586F /* Release */ = {
			isa = XCBuildConfiguration;
			buildSettings = {
				ASSETCATALOG_COMPILER_APPICON_NAME = AppIcon;
				INFOPLIST_FILE = Wallet/Info.plist;
				LD_RUNPATH_SEARCH_PATHS = "$(inherited) @executable_path/Frameworks";
				PRODUCT_BUNDLE_IDENTIFIER = com.edugonzlz.Wallet;
				PRODUCT_NAME = "$(TARGET_NAME)";
			};
			name = Release;
		};
		34C47CD31D397F5D0070586F /* Debug */ = {
			isa = XCBuildConfiguration;
			buildSettings = {
				BUNDLE_LOADER = "$(TEST_HOST)";
				INFOPLIST_FILE = WalletTests/Info.plist;
				LD_RUNPATH_SEARCH_PATHS = "$(inherited) @executable_path/Frameworks @loader_path/Frameworks";
				PRODUCT_BUNDLE_IDENTIFIER = com.edugonzlz.WalletTests;
				PRODUCT_NAME = "$(TARGET_NAME)";
				TEST_HOST = "$(BUILT_PRODUCTS_DIR)/Wallet.app/Wallet";
			};
			name = Debug;
		};
		34C47CD41D397F5D0070586F /* Release */ = {
			isa = XCBuildConfiguration;
			buildSettings = {
				BUNDLE_LOADER = "$(TEST_HOST)";
				INFOPLIST_FILE = WalletTests/Info.plist;
				LD_RUNPATH_SEARCH_PATHS = "$(inherited) @executable_path/Frameworks @loader_path/Frameworks";
				PRODUCT_BUNDLE_IDENTIFIER = com.edugonzlz.WalletTests;
				PRODUCT_NAME = "$(TARGET_NAME)";
				TEST_HOST = "$(BUILT_PRODUCTS_DIR)/Wallet.app/Wallet";
			};
			name = Release;
		};
		34C47CD61D397F5D0070586F /* Debug */ = {
			isa = XCBuildConfiguration;
			buildSettings = {
				INFOPLIST_FILE = WalletUITests/Info.plist;
				LD_RUNPATH_SEARCH_PATHS = "$(inherited) @executable_path/Frameworks @loader_path/Frameworks";
				PRODUCT_BUNDLE_IDENTIFIER = com.edugonzlz.WalletUITests;
				PRODUCT_NAME = "$(TARGET_NAME)";
				PROVISIONING_PROFILE = "";
			};
			name = Debug;
		};
		34C47CD71D397F5D0070586F /* Release */ = {
			isa = XCBuildConfiguration;
			buildSettings = {
				INFOPLIST_FILE = WalletUITests/Info.plist;
				LD_RUNPATH_SEARCH_PATHS = "$(inherited) @executable_path/Frameworks @loader_path/Frameworks";
				PRODUCT_BUNDLE_IDENTIFIER = com.edugonzlz.WalletUITests;
				PRODUCT_NAME = "$(TARGET_NAME)";
				PROVISIONING_PROFILE = "";
			};
			name = Release;
		};
/* End XCBuildConfiguration section */

/* Begin XCConfigurationList section */
		34C47CA31D397F5D0070586F /* Build configuration list for PBXProject "Wallet" */ = {
			isa = XCConfigurationList;
			buildConfigurations = (
				34C47CCD1D397F5D0070586F /* Debug */,
				34C47CCE1D397F5D0070586F /* Release */,
			);
			defaultConfigurationIsVisible = 0;
			defaultConfigurationName = Release;
		};
		34C47CCF1D397F5D0070586F /* Build configuration list for PBXNativeTarget "Wallet" */ = {
			isa = XCConfigurationList;
			buildConfigurations = (
				34C47CD01D397F5D0070586F /* Debug */,
				34C47CD11D397F5D0070586F /* Release */,
			);
			defaultConfigurationIsVisible = 0;
			defaultConfigurationName = Release;
		};
		34C47CD21D397F5D0070586F /* Build configuration list for PBXNativeTarget "WalletTests" */ = {
			isa = XCConfigurationList;
			buildConfigurations = (
				34C47CD31D397F5D0070586F /* Debug */,
				34C47CD41D397F5D0070586F /* Release */,
			);
			defaultConfigurationIsVisible = 0;
			defaultConfigurationName = Release;
		};
		34C47CD51D397F5D0070586F /* Build configuration list for PBXNativeTarget "WalletUITests" */ = {
			isa = XCConfigurationList;
			buildConfigurations = (
				34C47CD61D397F5D0070586F /* Debug */,
				34C47CD71D397F5D0070586F /* Release */,
			);
			defaultConfigurationIsVisible = 0;
			defaultConfigurationName = Release;
		};
/* End XCConfigurationList section */
	};
	rootObject = 34C47CA01D397F5D0070586F /* Project object */;
}
